
Microsoft Visual Studio Solution File, Format Version 12.00
# Visual Studio Version 17
VisualStudioVersion = 17.8.34511.84
MinimumVisualStudioVersion = 10.0.40219.1
Project("{FAE04EC0-301F-11D3-BF4B-00C04F79EFBC}") = "GoodHamburger", "GoodHamburger\GoodHamburger.csproj", "{4C75620F-EC6E-46C5-897B-4C2CBF7871C1}"
EndProject
Global
	GlobalSection(SolutionConfigurationPlatforms) = preSolution
		Debug|Any CPU = Debug|Any CPU
		Release|Any CPU = Release|Any CPU
	EndGlobalSection
	GlobalSection(ProjectConfigurationPlatforms) = postSolution
		{4C75620F-EC6E-46C5-897B-4C2CBF7871C1}.Debug|Any CPU.ActiveCfg = Debug|Any CPU
		{4C75620F-EC6E-46C5-897B-4C2CBF7871C1}.Debug|Any CPU.Build.0 = Debug|Any CPU
		{4C75620F-EC6E-46C5-897B-4C2CBF7871C1}.Release|Any CPU.ActiveCfg = Release|Any CPU
		{4C75620F-EC6E-46C5-897B-4C2CBF7871C1}.Release|Any CPU.Build.0 = Release|Any CPU
	EndGlobalSection
	GlobalSection(SolutionProperties) = preSolution
		HideSolutionNode = FALSE
	EndGlobalSection
	GlobalSection(ExtensibilityGlobals) = postSolution
		SolutionGuid = {98AEF278-7024-4C65-8103-96BB86625C85}
	EndGlobalSection
EndGlobal
